// !$*UTF8*$!
{
	archiveVersion = 1;
	classes = {
	};
	objectVersion = 50;
	objects = {

/* Begin PBXBuildFile section */
		9B5CCE7A22BA221B00A0D1B9 /* AppDelegate.swift in Sources */ = {isa = PBXBuildFile; fileRef = 9B5CCE7922BA221B00A0D1B9 /* AppDelegate.swift */; };
		9B5CCE7C22BA221B00A0D1B9 /* SceneDelegate.swift in Sources */ = {isa = PBXBuildFile; fileRef = 9B5CCE7B22BA221B00A0D1B9 /* SceneDelegate.swift */; };
		9B5CCE7E22BA221B00A0D1B9 /* ContentView.swift in Sources */ = {isa = PBXBuildFile; fileRef = 9B5CCE7D22BA221B00A0D1B9 /* ContentView.swift */; };
		9B5CCE8022BA221B00A0D1B9 /* Assets.xcassets in Resources */ = {isa = PBXBuildFile; fileRef = 9B5CCE7F22BA221B00A0D1B9 /* Assets.xcassets */; };
		9B5CCE8322BA221B00A0D1B9 /* Preview Assets.xcassets in Resources */ = {isa = PBXBuildFile; fileRef = 9B5CCE8222BA221B00A0D1B9 /* Preview Assets.xcassets */; };
		9B5CCE8622BA221B00A0D1B9 /* LaunchScreen.storyboard in Resources */ = {isa = PBXBuildFile; fileRef = 9B5CCE8422BA221B00A0D1B9 /* LaunchScreen.storyboard */; };
		9B5CCE9122BA221C00A0D1B9 /* LTUtilSwiftTests.swift in Sources */ = {isa = PBXBuildFile; fileRef = 9B5CCE9022BA221C00A0D1B9 /* LTUtilSwiftTests.swift */; };
		9B5CCE9C22BA221C00A0D1B9 /* LTUtilSwiftUITests.swift in Sources */ = {isa = PBXBuildFile; fileRef = 9B5CCE9B22BA221C00A0D1B9 /* LTUtilSwiftUITests.swift */; };
/* End PBXBuildFile section */

/* Begin PBXContainerItemProxy section */
		9B5CCE8D22BA221C00A0D1B9 /* PBXContainerItemProxy */ = {
			isa = PBXContainerItemProxy;
			containerPortal = 9B5CCE6E22BA221B00A0D1B9 /* Project object */;
			proxyType = 1;
			remoteGlobalIDString = 9B5CCE7522BA221B00A0D1B9;
			remoteInfo = LTUtilSwift;
		};
		9B5CCE9822BA221C00A0D1B9 /* PBXContainerItemProxy */ = {
			isa = PBXContainerItemProxy;
			containerPortal = 9B5CCE6E22BA221B00A0D1B9 /* Project object */;
			proxyType = 1;
			remoteGlobalIDString = 9B5CCE7522BA221B00A0D1B9;
			remoteInfo = LTUtilSwift;
		};
/* End PBXContainerItemProxy section */

/* Begin PBXFileReference section */
		9B5CCE7622BA221B00A0D1B9 /* LTUtilSwift.app */ = {isa = PBXFileReference; explicitFileType = wrapper.application; includeInIndex = 0; path = LTUtilSwift.app; sourceTree = BUILT_PRODUCTS_DIR; };
		9B5CCE7922BA221B00A0D1B9 /* AppDelegate.swift */ = {isa = PBXFileReference; lastKnownFileType = sourcecode.swift; path = AppDelegate.swift; sourceTree = "<group>"; };
		9B5CCE7B22BA221B00A0D1B9 /* SceneDelegate.swift */ = {isa = PBXFileReference; lastKnownFileType = sourcecode.swift; path = SceneDelegate.swift; sourceTree = "<group>"; };
		9B5CCE7D22BA221B00A0D1B9 /* ContentView.swift */ = {isa = PBXFileReference; lastKnownFileType = sourcecode.swift; path = ContentView.swift; sourceTree = "<group>"; };
		9B5CCE7F22BA221B00A0D1B9 /* Assets.xcassets */ = {isa = PBXFileReference; lastKnownFileType = folder.assetcatalog; path = Assets.xcassets; sourceTree = "<group>"; };
		9B5CCE8222BA221B00A0D1B9 /* Preview Assets.xcassets */ = {isa = PBXFileReference; lastKnownFileType = folder.assetcatalog; path = "Preview Assets.xcassets"; sourceTree = "<group>"; };
		9B5CCE8522BA221B00A0D1B9 /* Base */ = {isa = PBXFileReference; lastKnownFileType = file.storyboard; name = Base; path = Base.lproj/LaunchScreen.storyboard; sourceTree = "<group>"; };
		9B5CCE8722BA221B00A0D1B9 /* Info.plist */ = {isa = PBXFileReference; lastKnownFileType = text.plist.xml; path = Info.plist; sourceTree = "<group>"; };
		9B5CCE8C22BA221C00A0D1B9 /* LTUtilSwiftTests.xctest */ = {isa = PBXFileReference; explicitFileType = wrapper.cfbundle; includeInIndex = 0; path = LTUtilSwiftTests.xctest; sourceTree = BUILT_PRODUCTS_DIR; };
		9B5CCE9022BA221C00A0D1B9 /* LTUtilSwiftTests.swift */ = {isa = PBXFileReference; lastKnownFileType = sourcecode.swift; path = LTUtilSwiftTests.swift; sourceTree = "<group>"; };
		9B5CCE9222BA221C00A0D1B9 /* Info.plist */ = {isa = PBXFileReference; lastKnownFileType = text.plist.xml; path = Info.plist; sourceTree = "<group>"; };
		9B5CCE9722BA221C00A0D1B9 /* LTUtilSwiftUITests.xctest */ = {isa = PBXFileReference; explicitFileType = wrapper.cfbundle; includeInIndex = 0; path = LTUtilSwiftUITests.xctest; sourceTree = BUILT_PRODUCTS_DIR; };
		9B5CCE9B22BA221C00A0D1B9 /* LTUtilSwiftUITests.swift */ = {isa = PBXFileReference; lastKnownFileType = sourcecode.swift; path = LTUtilSwiftUITests.swift; sourceTree = "<group>"; };
		9B5CCE9D22BA221C00A0D1B9 /* Info.plist */ = {isa = PBXFileReference; lastKnownFileType = text.plist.xml; path = Info.plist; sourceTree = "<group>"; };
/* End PBXFileReference section */

/* Begin PBXFrameworksBuildPhase section */
		9B5CCE7322BA221B00A0D1B9 /* Frameworks */ = {
			isa = PBXFrameworksBuildPhase;
			buildActionMask = 2147483647;
			files = (
			);
			runOnlyForDeploymentPostprocessing = 0;
		};
		9B5CCE8922BA221C00A0D1B9 /* Frameworks */ = {
			isa = PBXFrameworksBuildPhase;
			buildActionMask = 2147483647;
			files = (
			);
			runOnlyForDeploymentPostprocessing = 0;
		};
		9B5CCE9422BA221C00A0D1B9 /* Frameworks */ = {
			isa = PBXFrameworksBuildPhase;
			buildActionMask = 2147483647;
			files = (
			);
			runOnlyForDeploymentPostprocessing = 0;
		};
/* End PBXFrameworksBuildPhase section */

/* Begin PBXGroup section */
		9B5CCE6D22BA221B00A0D1B9 = {
			isa = PBXGroup;
			children = (
				9B5CCE7822BA221B00A0D1B9 /* LTUtilSwift */,
				9B5CCE8F22BA221C00A0D1B9 /* LTUtilSwiftTests */,
				9B5CCE9A22BA221C00A0D1B9 /* LTUtilSwiftUITests */,
				9B5CCE7722BA221B00A0D1B9 /* Products */,
			);
			sourceTree = "<group>";
		};
		9B5CCE7722BA221B00A0D1B9 /* Products */ = {
			isa = PBXGroup;
			children = (
				9B5CCE7622BA221B00A0D1B9 /* LTUtilSwift.app */,
				9B5CCE8C22BA221C00A0D1B9 /* LTUtilSwiftTests.xctest */,
				9B5CCE9722BA221C00A0D1B9 /* LTUtilSwiftUITests.xctest */,
			);
			name = Products;
			sourceTree = "<group>";
		};
		9B5CCE7822BA221B00A0D1B9 /* LTUtilSwift */ = {
			isa = PBXGroup;
			children = (
				9B5CCE7922BA221B00A0D1B9 /* AppDelegate.swift */,
				9B5CCE7B22BA221B00A0D1B9 /* SceneDelegate.swift */,
				9B5CCE7D22BA221B00A0D1B9 /* ContentView.swift */,
				9B5CCE7F22BA221B00A0D1B9 /* Assets.xcassets */,
				9B5CCE8422BA221B00A0D1B9 /* LaunchScreen.storyboard */,
				9B5CCE8722BA221B00A0D1B9 /* Info.plist */,
				9B5CCE8122BA221B00A0D1B9 /* Preview Content */,
			);
			path = LTUtilSwift;
			sourceTree = "<group>";
		};
		9B5CCE8122BA221B00A0D1B9 /* Preview Content */ = {
			isa = PBXGroup;
			children = (
				9B5CCE8222BA221B00A0D1B9 /* Preview Assets.xcassets */,
			);
			path = "Preview Content";
			sourceTree = "<group>";
		};
		9B5CCE8F22BA221C00A0D1B9 /* LTUtilSwiftTests */ = {
			isa = PBXGroup;
			children = (
				9B5CCE9022BA221C00A0D1B9 /* LTUtilSwiftTests.swift */,
				9B5CCE9222BA221C00A0D1B9 /* Info.plist */,
			);
			path = LTUtilSwiftTests;
			sourceTree = "<group>";
		};
		9B5CCE9A22BA221C00A0D1B9 /* LTUtilSwiftUITests */ = {
			isa = PBXGroup;
			children = (
				9B5CCE9B22BA221C00A0D1B9 /* LTUtilSwiftUITests.swift */,
				9B5CCE9D22BA221C00A0D1B9 /* Info.plist */,
			);
			path = LTUtilSwiftUITests;
			sourceTree = "<group>";
		};
/* End PBXGroup section */

/* Begin PBXNativeTarget section */
		9B5CCE7522BA221B00A0D1B9 /* LTUtilSwift */ = {
			isa = PBXNativeTarget;
			buildConfigurationList = 9B5CCEA022BA221C00A0D1B9 /* Build configuration list for PBXNativeTarget "LTUtilSwift" */;
			buildPhases = (
				9B5CCE7222BA221B00A0D1B9 /* Sources */,
				9B5CCE7322BA221B00A0D1B9 /* Frameworks */,
				9B5CCE7422BA221B00A0D1B9 /* Resources */,
			);
			buildRules = (
			);
			dependencies = (
			);
			name = LTUtilSwift;
			productName = LTUtilSwift;
			productReference = 9B5CCE7622BA221B00A0D1B9 /* LTUtilSwift.app */;
			productType = "com.apple.product-type.application";
		};
		9B5CCE8B22BA221C00A0D1B9 /* LTUtilSwiftTests */ = {
			isa = PBXNativeTarget;
			buildConfigurationList = 9B5CCEA322BA221C00A0D1B9 /* Build configuration list for PBXNativeTarget "LTUtilSwiftTests" */;
			buildPhases = (
				9B5CCE8822BA221C00A0D1B9 /* Sources */,
				9B5CCE8922BA221C00A0D1B9 /* Frameworks */,
				9B5CCE8A22BA221C00A0D1B9 /* Resources */,
			);
			buildRules = (
			);
			dependencies = (
				9B5CCE8E22BA221C00A0D1B9 /* PBXTargetDependency */,
			);
			name = LTUtilSwiftTests;
			productName = LTUtilSwiftTests;
			productReference = 9B5CCE8C22BA221C00A0D1B9 /* LTUtilSwiftTests.xctest */;
			productType = "com.apple.product-type.bundle.unit-test";
		};
		9B5CCE9622BA221C00A0D1B9 /* LTUtilSwiftUITests */ = {
			isa = PBXNativeTarget;
			buildConfigurationList = 9B5CCEA622BA221C00A0D1B9 /* Build configuration list for PBXNativeTarget "LTUtilSwiftUITests" */;
			buildPhases = (
				9B5CCE9322BA221C00A0D1B9 /* Sources */,
				9B5CCE9422BA221C00A0D1B9 /* Frameworks */,
				9B5CCE9522BA221C00A0D1B9 /* Resources */,
			);
			buildRules = (
			);
			dependencies = (
				9B5CCE9922BA221C00A0D1B9 /* PBXTargetDependency */,
			);
			name = LTUtilSwiftUITests;
			productName = LTUtilSwiftUITests;
			productReference = 9B5CCE9722BA221C00A0D1B9 /* LTUtilSwiftUITests.xctest */;
			productType = "com.apple.product-type.bundle.ui-testing";
		};
/* End PBXNativeTarget section */

/* Begin PBXProject section */
		9B5CCE6E22BA221B00A0D1B9 /* Project object */ = {
			isa = PBXProject;
			attributes = {
				LastSwiftUpdateCheck = 1100;
				LastUpgradeCheck = 1100;
				ORGANIZATIONNAME = LTOVE;
				TargetAttributes = {
					9B5CCE7522BA221B00A0D1B9 = {
						CreatedOnToolsVersion = 11.0;
					};
					9B5CCE8B22BA221C00A0D1B9 = {
						CreatedOnToolsVersion = 11.0;
						TestTargetID = 9B5CCE7522BA221B00A0D1B9;
					};
					9B5CCE9622BA221C00A0D1B9 = {
						CreatedOnToolsVersion = 11.0;
						TestTargetID = 9B5CCE7522BA221B00A0D1B9;
					};
				};
			};
			buildConfigurationList = 9B5CCE7122BA221B00A0D1B9 /* Build configuration list for PBXProject "LTUtilSwift" */;
			compatibilityVersion = "Xcode 9.3";
			developmentRegion = en;
			hasScannedForEncodings = 0;
			knownRegions = (
				en,
				Base,
			);
			mainGroup = 9B5CCE6D22BA221B00A0D1B9;
			productRefGroup = 9B5CCE7722BA221B00A0D1B9 /* Products */;
			projectDirPath = "";
			projectRoot = "";
			targets = (
				9B5CCE7522BA221B00A0D1B9 /* LTUtilSwift */,
				9B5CCE8B22BA221C00A0D1B9 /* LTUtilSwiftTests */,
				9B5CCE9622BA221C00A0D1B9 /* LTUtilSwiftUITests */,
			);
		};
/* End PBXProject section */

/* Begin PBXResourcesBuildPhase section */
		9B5CCE7422BA221B00A0D1B9 /* Resources */ = {
			isa = PBXResourcesBuildPhase;
			buildActionMask = 2147483647;
			files = (
				9B5CCE8622BA221B00A0D1B9 /* LaunchScreen.storyboard in Resources */,
				9B5CCE8322BA221B00A0D1B9 /* Preview Assets.xcassets in Resources */,
				9B5CCE8022BA221B00A0D1B9 /* Assets.xcassets in Resources */,
			);
			runOnlyForDeploymentPostprocessing = 0;
		};
		9B5CCE8A22BA221C00A0D1B9 /* Resources */ = {
			isa = PBXResourcesBuildPhase;
			buildActionMask = 2147483647;
			files = (
			);
			runOnlyForDeploymentPostprocessing = 0;
		};
		9B5CCE9522BA221C00A0D1B9 /* Resources */ = {
			isa = PBXResourcesBuildPhase;
			buildActionMask = 2147483647;
			files = (
			);
			runOnlyForDeploymentPostprocessing = 0;
		};
/* End PBXResourcesBuildPhase section */

/* Begin PBXSourcesBuildPhase section */
		9B5CCE7222BA221B00A0D1B9 /* Sources */ = {
			isa = PBXSourcesBuildPhase;
			buildActionMask = 2147483647;
			files = (
				9B5CCE7A22BA221B00A0D1B9 /* AppDelegate.swift in Sources */,
				9B5CCE7C22BA221B00A0D1B9 /* SceneDelegate.swift in Sources */,
				9B5CCE7E22BA221B00A0D1B9 /* ContentView.swift in Sources */,
			);
			runOnlyForDeploymentPostprocessing = 0;
		};
		9B5CCE8822BA221C00A0D1B9 /* Sources */ = {
			isa = PBXSourcesBuildPhase;
			buildActionMask = 2147483647;
			files = (
				9B5CCE9122BA221C00A0D1B9 /* LTUtilSwiftTests.swift in Sources */,
			);
			runOnlyForDeploymentPostprocessing = 0;
		};
		9B5CCE9322BA221C00A0D1B9 /* Sources */ = {
			isa = PBXSourcesBuildPhase;
			buildActionMask = 2147483647;
			files = (
				9B5CCE9C22BA221C00A0D1B9 /* LTUtilSwiftUITests.swift in Sources */,
			);
			runOnlyForDeploymentPostprocessing = 0;
		};
/* End PBXSourcesBuildPhase section */

/* Begin PBXTargetDependency section */
		9B5CCE8E22BA221C00A0D1B9 /* PBXTargetDependency */ = {
			isa = PBXTargetDependency;
			target = 9B5CCE7522BA221B00A0D1B9 /* LTUtilSwift */;
			targetProxy = 9B5CCE8D22BA221C00A0D1B9 /* PBXContainerItemProxy */;
		};
		9B5CCE9922BA221C00A0D1B9 /* PBXTargetDependency */ = {
			isa = PBXTargetDependency;
			target = 9B5CCE7522BA221B00A0D1B9 /* LTUtilSwift */;
			targetProxy = 9B5CCE9822BA221C00A0D1B9 /* PBXContainerItemProxy */;
		};
/* End PBXTargetDependency section */

/* Begin PBXVariantGroup section */
		9B5CCE8422BA221B00A0D1B9 /* LaunchScreen.storyboard */ = {
			isa = PBXVariantGroup;
			children = (
				9B5CCE8522BA221B00A0D1B9 /* Base */,
			);
			name = LaunchScreen.storyboard;
			sourceTree = "<group>";
		};
/* End PBXVariantGroup section */

/* Begin XCBuildConfiguration section */
		9B5CCE9E22BA221C00A0D1B9 /* Debug */ = {
			isa = XCBuildConfiguration;
			buildSettings = {
				ALWAYS_SEARCH_USER_PATHS = NO;
				CLANG_ANALYZER_NONNULL = YES;
				CLANG_ANALYZER_NUMBER_OBJECT_CONVERSION = YES_AGGRESSIVE;
				CLANG_CXX_LANGUAGE_STANDARD = "gnu++14";
				CLANG_CXX_LIBRARY = "libc++";
				CLANG_ENABLE_MODULES = YES;
				CLANG_ENABLE_OBJC_ARC = YES;
				CLANG_ENABLE_OBJC_WEAK = YES;
				CLANG_WARN_BLOCK_CAPTURE_AUTORELEASING = YES;
				CLANG_WARN_BOOL_CONVERSION = YES;
				CLANG_WARN_COMMA = YES;
				CLANG_WARN_CONSTANT_CONVERSION = YES;
				CLANG_WARN_DEPRECATED_OBJC_IMPLEMENTATIONS = YES;
				CLANG_WARN_DIRECT_OBJC_ISA_USAGE = YES_ERROR;
				CLANG_WARN_DOCUMENTATION_COMMENTS = YES;
				CLANG_WARN_EMPTY_BODY = YES;
				CLANG_WARN_ENUM_CONVERSION = YES;
				CLANG_WARN_INFINITE_RECURSION = YES;
				CLANG_WARN_INT_CONVERSION = YES;
				CLANG_WARN_NON_LITERAL_NULL_CONVERSION = YES;
				CLANG_WARN_OBJC_IMPLICIT_RETAIN_SELF = YES;
				CLANG_WARN_OBJC_LITERAL_CONVERSION = YES;
				CLANG_WARN_OBJC_ROOT_CLASS = YES_ERROR;
				CLANG_WARN_RANGE_LOOP_ANALYSIS = YES;
				CLANG_WARN_STRICT_PROTOTYPES = YES;
				CLANG_WARN_SUSPICIOUS_MOVE = YES;
				CLANG_WARN_UNGUARDED_AVAILABILITY = YES_AGGRESSIVE;
				CLANG_WARN_UNREACHABLE_CODE = YES;
				CLANG_WARN__DUPLICATE_METHOD_MATCH = YES;
				COPY_PHASE_STRIP = NO;
				DEBUG_INFORMATION_FORMAT = dwarf;
				ENABLE_STRICT_OBJC_MSGSEND = YES;
				ENABLE_TESTABILITY = YES;
				GCC_C_LANGUAGE_STANDARD = gnu11;
				GCC_DYNAMIC_NO_PIC = NO;
				GCC_NO_COMMON_BLOCKS = YES;
				GCC_OPTIMIZATION_LEVEL = 0;
				GCC_PREPROCESSOR_DEFINITIONS = (
					"DEBUG=1",
					"$(inherited)",
				);
				GCC_WARN_64_TO_32_BIT_CONVERSION = YES;
				GCC_WARN_ABOUT_RETURN_TYPE = YES_ERROR;
				GCC_WARN_UNDECLARED_SELECTOR = YES;
				GCC_WARN_UNINITIALIZED_AUTOS = YES_AGGRESSIVE;
				GCC_WARN_UNUSED_FUNCTION = YES;
				GCC_WARN_UNUSED_VARIABLE = YES;
				IPHONEOS_DEPLOYMENT_TARGET = 13.0;
				MTL_ENABLE_DEBUG_INFO = INCLUDE_SOURCE;
				MTL_FAST_MATH = YES;
				ONLY_ACTIVE_ARCH = YES;
				SDKROOT = iphoneos;
				SWIFT_ACTIVE_COMPILATION_CONDITIONS = DEBUG;
				SWIFT_OPTIMIZATION_LEVEL = "-Onone";
			};
			name = Debug;
		};
		9B5CCE9F22BA221C00A0D1B9 /* Release */ = {
			isa = XCBuildConfiguration;
			buildSettings = {
				ALWAYS_SEARCH_USER_PATHS = NO;
				CLANG_ANALYZER_NONNULL = YES;
				CLANG_ANALYZER_NUMBER_OBJECT_CONVERSION = YES_AGGRESSIVE;
				CLANG_CXX_LANGUAGE_STANDARD = "gnu++14";
				CLANG_CXX_LIBRARY = "libc++";
				CLANG_ENABLE_MODULES = YES;
				CLANG_ENABLE_OBJC_ARC = YES;
				CLANG_ENABLE_OBJC_WEAK = YES;
				CLANG_WARN_BLOCK_CAPTURE_AUTORELEASING = YES;
				CLANG_WARN_BOOL_CONVERSION = YES;
				CLANG_WARN_COMMA = YES;
				CLANG_WARN_CONSTANT_CONVERSION = YES;
				CLANG_WARN_DEPRECATED_OBJC_IMPLEMENTATIONS = YES;
				CLANG_WARN_DIRECT_OBJC_ISA_USAGE = YES_ERROR;
				CLANG_WARN_DOCUMENTATION_COMMENTS = YES;
				CLANG_WARN_EMPTY_BODY = YES;
				CLANG_WARN_ENUM_CONVERSION = YES;
				CLANG_WARN_INFINITE_RECURSION = YES;
				CLANG_WARN_INT_CONVERSION = YES;
				CLANG_WARN_NON_LITERAL_NULL_CONVERSION = YES;
				CLANG_WARN_OBJC_IMPLICIT_RETAIN_SELF = YES;
				CLANG_WARN_OBJC_LITERAL_CONVERSION = YES;
				CLANG_WARN_OBJC_ROOT_CLASS = YES_ERROR;
				CLANG_WARN_RANGE_LOOP_ANALYSIS = YES;
				CLANG_WARN_STRICT_PROTOTYPES = YES;
				CLANG_WARN_SUSPICIOUS_MOVE = YES;
				CLANG_WARN_UNGUARDED_AVAILABILITY = YES_AGGRESSIVE;
				CLANG_WARN_UNREACHABLE_CODE = YES;
				CLANG_WARN__DUPLICATE_METHOD_MATCH = YES;
				COPY_PHASE_STRIP = NO;
				DEBUG_INFORMATION_FORMAT = "dwarf-with-dsym";
				ENABLE_NS_ASSERTIONS = NO;
				ENABLE_STRICT_OBJC_MSGSEND = YES;
				GCC_C_LANGUAGE_STANDARD = gnu11;
				GCC_NO_COMMON_BLOCKS = YES;
				GCC_WARN_64_TO_32_BIT_CONVERSION = YES;
				GCC_WARN_ABOUT_RETURN_TYPE = YES_ERROR;
				GCC_WARN_UNDECLARED_SELECTOR = YES;
				GCC_WARN_UNINITIALIZED_AUTOS = YES_AGGRESSIVE;
				GCC_WARN_UNUSED_FUNCTION = YES;
				GCC_WARN_UNUSED_VARIABLE = YES;
				IPHONEOS_DEPLOYMENT_TARGET = 13.0;
				MTL_ENABLE_DEBUG_INFO = NO;
				MTL_FAST_MATH = YES;
				SDKROOT = iphoneos;
				SWIFT_COMPILATION_MODE = wholemodule;
				SWIFT_OPTIMIZATION_LEVEL = "-O";
				VALIDATE_PRODUCT = YES;
			};
			name = Release;
		};
		9B5CCEA122BA221C00A0D1B9 /* Debug */ = {
			isa = XCBuildConfiguration;
			buildSettings = {
				ASSETCATALOG_COMPILER_APPICON_NAME = AppIcon;
				CODE_SIGN_STYLE = Automatic;
				DEVELOPMENT_ASSET_PATHS = "LTUtilSwift/Preview\\ Content";
				ENABLE_PREVIEWS = YES;
				INFOPLIST_FILE = LTUtilSwift/Info.plist;
				LD_RUNPATH_SEARCH_PATHS = (
					"$(inherited)",
					"@executable_path/Frameworks",
				);
				PRODUCT_BUNDLE_IDENTIFIER = com.ltove.LTUtilSwift;
				PRODUCT_NAME = "$(TARGET_NAME)";
				SWIFT_VERSION = 5.0;
				TARGETED_DEVICE_FAMILY = "1,2";
			};
			name = Debug;
		};
		9B5CCEA222BA221C00A0D1B9 /* Release */ = {
			isa = XCBuildConfiguration;
			buildSettings = {
				ASSETCATALOG_COMPILER_APPICON_NAME = AppIcon;
				CODE_SIGN_STYLE = Automatic;
				DEVELOPMENT_ASSET_PATHS = "LTUtilSwift/Preview\\ Content";
				ENABLE_PREVIEWS = YES;
				INFOPLIST_FILE = LTUtilSwift/Info.plist;
				LD_RUNPATH_SEARCH_PATHS = (
					"$(inherited)",
					"@executable_path/Frameworks",
				);
				PRODUCT_BUNDLE_IDENTIFIER = com.ltove.LTUtilSwift;
				PRODUCT_NAME = "$(TARGET_NAME)";
				SWIFT_VERSION = 5.0;
				TARGETED_DEVICE_FAMILY = "1,2";
			};
			name = Release;
		};
		9B5CCEA422BA221C00A0D1B9 /* Debug */ = {
			isa = XCBuildConfiguration;
			buildSettings = {
				ALWAYS_EMBED_SWIFT_STANDARD_LIBRARIES = YES;
				BUNDLE_LOADER = "$(TEST_HOST)";
				CODE_SIGN_STYLE = Automatic;
				INFOPLIST_FILE = LTUtilSwiftTests/Info.plist;
				LD_RUNPATH_SEARCH_PATHS = (
					"$(inherited)",
					"@executable_path/Frameworks",
					"@loader_path/Frameworks",
				);
				PRODUCT_BUNDLE_IDENTIFIER = com.ltove.LTUtilSwiftTests;
				PRODUCT_NAME = "$(TARGET_NAME)";
				SWIFT_VERSION = 5.0;
				TARGETED_DEVICE_FAMILY = "1,2";
				TEST_HOST = "$(BUILT_PRODUCTS_DIR)/LTUtilSwift.app/LTUtilSwift";
			};
			name = Debug;
		};
		9B5CCEA522BA221C00A0D1B9 /* Release */ = {
			isa = XCBuildConfiguration;
			buildSettings = {
				ALWAYS_EMBED_SWIFT_STANDARD_LIBRARIES = YES;
				BUNDLE_LOADER = "$(TEST_HOST)";
				CODE_SIGN_STYLE = Automatic;
				INFOPLIST_FILE = LTUtilSwiftTests/Info.plist;
				LD_RUNPATH_SEARCH_PATHS = (
					"$(inherited)",
					"@executable_path/Frameworks",
					"@loader_path/Frameworks",
				);
				PRODUCT_BUNDLE_IDENTIFIER = com.ltove.LTUtilSwiftTests;
				PRODUCT_NAME = "$(TARGET_NAME)";
				SWIFT_VERSION = 5.0;
				TARGETED_DEVICE_FAMILY = "1,2";
				TEST_HOST = "$(BUILT_PRODUCTS_DIR)/LTUtilSwift.app/LTUtilSwift";
			};
			name = Release;
		};
		9B5CCEA722BA221C00A0D1B9 /* Debug */ = {
			isa = XCBuildConfiguration;
			buildSettings = {
				ALWAYS_EMBED_SWIFT_STANDARD_LIBRARIES = YES;
				CODE_SIGN_STYLE = Automatic;
				INFOPLIST_FILE = LTUtilSwiftUITests/Info.plist;
				LD_RUNPATH_SEARCH_PATHS = (
					"$(inherited)",
					"@executable_path/Frameworks",
					"@loader_path/Frameworks",
				);
				PRODUCT_BUNDLE_IDENTIFIER = com.ltove.LTUtilSwiftUITests;
				PRODUCT_NAME = "$(TARGET_NAME)";
				SWIFT_VERSION = 5.0;
				TARGETED_DEVICE_FAMILY = "1,2";
				TEST_TARGET_NAME = LTUtilSwift;
			};
			name = Debug;
		};
		9B5CCEA822BA221C00A0D1B9 /* Release */ = {
			isa = XCBuildConfiguration;
			buildSettings = {
				ALWAYS_EMBED_SWIFT_STANDARD_LIBRARIES = YES;
				CODE_SIGN_STYLE = Automatic;
				INFOPLIST_FILE = LTUtilSwiftUITests/Info.plist;
				LD_RUNPATH_SEARCH_PATHS = (
					"$(inherited)",
					"@executable_path/Frameworks",
					"@loader_path/Frameworks",
				);
				PRODUCT_BUNDLE_IDENTIFIER = com.ltove.LTUtilSwiftUITests;
				PRODUCT_NAME = "$(TARGET_NAME)";
				SWIFT_VERSION = 5.0;
				TARGETED_DEVICE_FAMILY = "1,2";
				TEST_TARGET_NAME = LTUtilSwift;
			};
			name = Release;
		};
/* End XCBuildConfiguration section */

/* Begin XCConfigurationList section */
		9B5CCE7122BA221B00A0D1B9 /* Build configuration list for PBXProject "LTUtilSwift" */ = {
			isa = XCConfigurationList;
			buildConfigurations = (
				9B5CCE9E22BA221C00A0D1B9 /* Debug */,
				9B5CCE9F22BA221C00A0D1B9 /* Release */,
			);
			defaultConfigurationIsVisible = 0;
			defaultConfigurationName = Release;
		};
		9B5CCEA022BA221C00A0D1B9 /* Build configuration list for PBXNativeTarget "LTUtilSwift" */ = {
			isa = XCConfigurationList;
			buildConfigurations = (
				9B5CCEA122BA221C00A0D1B9 /* Debug */,
				9B5CCEA222BA221C00A0D1B9 /* Release */,
			);
			defaultConfigurationIsVisible = 0;
			defaultConfigurationName = Release;
		};
		9B5CCEA322BA221C00A0D1B9 /* Build configuration list for PBXNativeTarget "LTUtilSwiftTests" */ = {
			isa = XCConfigurationList;
			buildConfigurations = (
				9B5CCEA422BA221C00A0D1B9 /* Debug */,
				9B5CCEA522BA221C00A0D1B9 /* Release */,
			);
			defaultConfigurationIsVisible = 0;
			defaultConfigurationName = Release;
		};
		9B5CCEA622BA221C00A0D1B9 /* Build configuration list for PBXNativeTarget "LTUtilSwiftUITests" */ = {
			isa = XCConfigurationList;
			buildConfigurations = (
				9B5CCEA722BA221C00A0D1B9 /* Debug */,
				9B5CCEA822BA221C00A0D1B9 /* Release */,
			);
			defaultConfigurationIsVisible = 0;
			defaultConfigurationName = Release;
		};
/* End XCConfigurationList section */
	};
	rootObject = 9B5CCE6E22BA221B00A0D1B9 /* Project object */;
}
